
Microsoft Visual Studio Solution File, Format Version 12.00
# Visual Studio 15
VisualStudioVersion = 15.0.26730.3
MinimumVisualStudioVersion = 10.0.40219.1
Project("{FAE04EC0-301F-11D3-BF4B-00C04F79EFBC}") = "AbstractFactory", "AbstractFactory\AbstractFactory.csproj", "{DCAA9863-B831-4855-AD01-0840721B0FAC}"
EndProject
Project("{FAE04EC0-301F-11D3-BF4B-00C04F79EFBC}") = "Interfaces", "Interfaces\Interfaces.csproj", "{EBBCAFFE-7E1E-4D0B-9AA0-C583B1A63877}"
EndProject
Project("{FAE04EC0-301F-11D3-BF4B-00C04F79EFBC}") = "CitiCreditUnion", "CitiCreditUnion\CitiCreditUnion.csproj", "{E7C0D05B-877D-4502-9CFF-0D353079C3A5}"
EndProject
Project("{FAE04EC0-301F-11D3-BF4B-00C04F79EFBC}") = "NationalCreditUnion", "NationalCreditUnionFactory\NationalCreditUnion.csproj", "{E6577E87-5179-42D6-9AFF-43248FD766FB}"
EndProject
Project("{FAE04EC0-301F-11D3-BF4B-00C04F79EFBC}") = "Providers", "Providers\Providers.csproj", "{C85BF206-6C56-450B-A4BB-C35C2627E60F}"
EndProject
Global
	GlobalSection(SolutionConfigurationPlatforms) = preSolution
		Debug|Any CPU = Debug|Any CPU
		Release|Any CPU = Release|Any CPU
	EndGlobalSection
	GlobalSection(ProjectConfigurationPlatforms) = postSolution
		{DCAA9863-B831-4855-AD01-0840721B0FAC}.Debug|Any CPU.ActiveCfg = Debug|Any CPU
		{DCAA9863-B831-4855-AD01-0840721B0FAC}.Debug|Any CPU.Build.0 = Debug|Any CPU
		{DCAA9863-B831-4855-AD01-0840721B0FAC}.Release|Any CPU.ActiveCfg = Release|Any CPU
		{DCAA9863-B831-4855-AD01-0840721B0FAC}.Release|Any CPU.Build.0 = Release|Any CPU
		{EBBCAFFE-7E1E-4D0B-9AA0-C583B1A63877}.Debug|Any CPU.ActiveCfg = Debug|Any CPU
		{EBBCAFFE-7E1E-4D0B-9AA0-C583B1A63877}.Debug|Any CPU.Build.0 = Debug|Any CPU
		{EBBCAFFE-7E1E-4D0B-9AA0-C583B1A63877}.Release|Any CPU.ActiveCfg = Release|Any CPU
		{EBBCAFFE-7E1E-4D0B-9AA0-C583B1A63877}.Release|Any CPU.Build.0 = Release|Any CPU
		{E7C0D05B-877D-4502-9CFF-0D353079C3A5}.Debug|Any CPU.ActiveCfg = Debug|Any CPU
		{E7C0D05B-877D-4502-9CFF-0D353079C3A5}.Debug|Any CPU.Build.0 = Debug|Any CPU
		{E7C0D05B-877D-4502-9CFF-0D353079C3A5}.Release|Any CPU.ActiveCfg = Release|Any CPU
		{E7C0D05B-877D-4502-9CFF-0D353079C3A5}.Release|Any CPU.Build.0 = Release|Any CPU
		{E6577E87-5179-42D6-9AFF-43248FD766FB}.Debug|Any CPU.ActiveCfg = Debug|Any CPU
		{E6577E87-5179-42D6-9AFF-43248FD766FB}.Debug|Any CPU.Build.0 = Debug|Any CPU
		{E6577E87-5179-42D6-9AFF-43248FD766FB}.Release|Any CPU.ActiveCfg = Release|Any CPU
		{E6577E87-5179-42D6-9AFF-43248FD766FB}.Release|Any CPU.Build.0 = Release|Any CPU
		{C85BF206-6C56-450B-A4BB-C35C2627E60F}.Debug|Any CPU.ActiveCfg = Debug|Any CPU
		{C85BF206-6C56-450B-A4BB-C35C2627E60F}.Debug|Any CPU.Build.0 = Debug|Any CPU
		{C85BF206-6C56-450B-A4BB-C35C2627E60F}.Release|Any CPU.ActiveCfg = Release|Any CPU
		{C85BF206-6C56-450B-A4BB-C35C2627E60F}.Release|Any CPU.Build.0 = Release|Any CPU
	EndGlobalSection
	GlobalSection(SolutionProperties) = preSolution
		HideSolutionNode = FALSE
	EndGlobalSection
	GlobalSection(ExtensibilityGlobals) = postSolution
		SolutionGuid = {3991D715-3ED5-435C-9E01-E97396E35014}
	EndGlobalSection
EndGlobal
